// !$*UTF8*$!
{
	archiveVersion = 1;
	classes = {
	};
	objectVersion = 47;
	objects = {

/* Begin PBXBuildFile section */
		EF81E72F1EE05694007007EE /* main.m in Sources */ = {isa = PBXBuildFile; fileRef = EF81E72E1EE05694007007EE /* main.m */; };
		EF81E73B1EE05694007007EE /* Main.storyboard in Resources */ = {isa = PBXBuildFile; fileRef = EF81E7391EE05694007007EE /* Main.storyboard */; };
		EF81E73D1EE05694007007EE /* Assets.xcassets in Resources */ = {isa = PBXBuildFile; fileRef = EF81E73C1EE05694007007EE /* Assets.xcassets */; };
		EF81E7401EE05694007007EE /* LaunchScreen.storyboard in Resources */ = {isa = PBXBuildFile; fileRef = EF81E73E1EE05694007007EE /* LaunchScreen.storyboard */; };
		EF81E74E1EE05767007007EE /* NGNConstants.m in Sources */ = {isa = PBXBuildFile; fileRef = EF81E74D1EE05767007007EE /* NGNConstants.m */; };
		EFCD46821EE058C300606FAB /* AppDelegate.m in Sources */ = {isa = PBXBuildFile; fileRef = EFCD467D1EE058C300606FAB /* AppDelegate.m */; };
		EFCD46831EE058C300606FAB /* FirstViewController.m in Sources */ = {isa = PBXBuildFile; fileRef = EFCD467F1EE058C300606FAB /* FirstViewController.m */; };
		EFCD46841EE058C300606FAB /* SecondViewController.m in Sources */ = {isa = PBXBuildFile; fileRef = EFCD46811EE058C300606FAB /* SecondViewController.m */; };
/* End PBXBuildFile section */

/* Begin PBXFileReference section */
		EF81E72A1EE05694007007EE /* TODOList.app */ = {isa = PBXFileReference; explicitFileType = wrapper.application; includeInIndex = 0; path = TODOList.app; sourceTree = BUILT_PRODUCTS_DIR; };
		EF81E72E1EE05694007007EE /* main.m */ = {isa = PBXFileReference; lastKnownFileType = sourcecode.c.objc; path = main.m; sourceTree = "<group>"; };
		EF81E73A1EE05694007007EE /* Base */ = {isa = PBXFileReference; lastKnownFileType = file.storyboard; name = Base; path = Base.lproj/Main.storyboard; sourceTree = "<group>"; };
		EF81E73C1EE05694007007EE /* Assets.xcassets */ = {isa = PBXFileReference; lastKnownFileType = folder.assetcatalog; path = Assets.xcassets; sourceTree = "<group>"; };
		EF81E73F1EE05694007007EE /* Base */ = {isa = PBXFileReference; lastKnownFileType = file.storyboard; name = Base; path = Base.lproj/LaunchScreen.storyboard; sourceTree = "<group>"; };
		EF81E7411EE05694007007EE /* Info.plist */ = {isa = PBXFileReference; lastKnownFileType = text.plist.xml; path = Info.plist; sourceTree = "<group>"; };
		EF81E74C1EE05767007007EE /* NGNConstants.h */ = {isa = PBXFileReference; fileEncoding = 4; lastKnownFileType = sourcecode.c.h; name = NGNConstants.h; path = Constants/NGNConstants.h; sourceTree = "<group>"; };
		EF81E74D1EE05767007007EE /* NGNConstants.m */ = {isa = PBXFileReference; fileEncoding = 4; lastKnownFileType = sourcecode.c.objc; name = NGNConstants.m; path = Constants/NGNConstants.m; sourceTree = "<group>"; };
		EFCD467C1EE058C300606FAB /* AppDelegate.h */ = {isa = PBXFileReference; fileEncoding = 4; lastKnownFileType = sourcecode.c.h; name = AppDelegate.h; path = Controller/AppDelegate.h; sourceTree = "<group>"; };
		EFCD467D1EE058C300606FAB /* AppDelegate.m */ = {isa = PBXFileReference; fileEncoding = 4; lastKnownFileType = sourcecode.c.objc; name = AppDelegate.m; path = Controller/AppDelegate.m; sourceTree = "<group>"; };
		EFCD467E1EE058C300606FAB /* FirstViewController.h */ = {isa = PBXFileReference; fileEncoding = 4; lastKnownFileType = sourcecode.c.h; name = FirstViewController.h; path = Controller/FirstViewController.h; sourceTree = "<group>"; };
		EFCD467F1EE058C300606FAB /* FirstViewController.m */ = {isa = PBXFileReference; fileEncoding = 4; lastKnownFileType = sourcecode.c.objc; name = FirstViewController.m; path = Controller/FirstViewController.m; sourceTree = "<group>"; };
		EFCD46801EE058C300606FAB /* SecondViewController.h */ = {isa = PBXFileReference; fileEncoding = 4; lastKnownFileType = sourcecode.c.h; name = SecondViewController.h; path = Controller/SecondViewController.h; sourceTree = "<group>"; };
		EFCD46811EE058C300606FAB /* SecondViewController.m */ = {isa = PBXFileReference; fileEncoding = 4; lastKnownFileType = sourcecode.c.objc; name = SecondViewController.m; path = Controller/SecondViewController.m; sourceTree = "<group>"; };
/* End PBXFileReference section */

/* Begin PBXFrameworksBuildPhase section */
		EF81E7271EE05694007007EE /* Frameworks */ = {
			isa = PBXFrameworksBuildPhase;
			buildActionMask = 2147483647;
			files = (
			);
			runOnlyForDeploymentPostprocessing = 0;
		};
/* End PBXFrameworksBuildPhase section */

/* Begin PBXGroup section */
		EF81E7211EE05694007007EE = {
			isa = PBXGroup;
			children = (
				EF81E72C1EE05694007007EE /* TODOList */,
				EF81E72B1EE05694007007EE /* Products */,
			);
			sourceTree = "<group>";
		};
		EF81E72B1EE05694007007EE /* Products */ = {
			isa = PBXGroup;
			children = (
				EF81E72A1EE05694007007EE /* TODOList.app */,
			);
			name = Products;
			sourceTree = "<group>";
		};
		EF81E72C1EE05694007007EE /* TODOList */ = {
			isa = PBXGroup;
			children = (
				EF81E74B1EE05728007007EE /* Constants */,
				EF81E74A1EE0571A007007EE /* Helpers */,
				EF81E7491EE05704007007EE /* View */,
				EF81E7481EE056E3007007EE /* Controller */,
				EF81E7471EE056D3007007EE /* Model */,
				EF81E72D1EE05694007007EE /* Supporting Files */,
			);
			path = TODOList;
			sourceTree = "<group>";
		};
		EF81E72D1EE05694007007EE /* Supporting Files */ = {
			isa = PBXGroup;
			children = (
				EF81E7391EE05694007007EE /* Main.storyboard */,
				EF81E73C1EE05694007007EE /* Assets.xcassets */,
				EF81E73E1EE05694007007EE /* LaunchScreen.storyboard */,
				EF81E7411EE05694007007EE /* Info.plist */,
				EF81E72E1EE05694007007EE /* main.m */,
			);
			name = "Supporting Files";
			sourceTree = "<group>";
		};
		EF81E7471EE056D3007007EE /* Model */ = {
			isa = PBXGroup;
			children = (
			);
			name = Model;
			sourceTree = "<group>";
		};
		EF81E7481EE056E3007007EE /* Controller */ = {
			isa = PBXGroup;
			children = (
				EFCD467C1EE058C300606FAB /* AppDelegate.h */,
				EFCD467D1EE058C300606FAB /* AppDelegate.m */,
				EFCD467E1EE058C300606FAB /* FirstViewController.h */,
				EFCD467F1EE058C300606FAB /* FirstViewController.m */,
				EFCD46801EE058C300606FAB /* SecondViewController.h */,
				EFCD46811EE058C300606FAB /* SecondViewController.m */,
			);
			name = Controller;
			sourceTree = "<group>";
		};
		EF81E7491EE05704007007EE /* View */ = {
			isa = PBXGroup;
			children = (
			);
			name = View;
			sourceTree = "<group>";
		};
		EF81E74A1EE0571A007007EE /* Helpers */ = {
			isa = PBXGroup;
			children = (
			);
			name = Helpers;
			sourceTree = "<group>";
		};
		EF81E74B1EE05728007007EE /* Constants */ = {
			isa = PBXGroup;
			children = (
				EF81E74C1EE05767007007EE /* NGNConstants.h */,
				EF81E74D1EE05767007007EE /* NGNConstants.m */,
			);
			name = Constants;
			sourceTree = "<group>";
		};
/* End PBXGroup section */

/* Begin PBXNativeTarget section */
		EF81E7291EE05694007007EE /* TODOList */ = {
			isa = PBXNativeTarget;
			buildConfigurationList = EF81E7441EE05694007007EE /* Build configuration list for PBXNativeTarget "TODOList" */;
			buildPhases = (
				EF81E7261EE05694007007EE /* Sources */,
				EF81E7271EE05694007007EE /* Frameworks */,
				EF81E7281EE05694007007EE /* Resources */,
			);
			buildRules = (
			);
			dependencies = (
			);
			name = TODOList;
			productName = TODOList;
			productReference = EF81E72A1EE05694007007EE /* TODOList.app */;
			productType = "com.apple.product-type.application";
		};
/* End PBXNativeTarget section */

/* Begin PBXProject section */
		EF81E7221EE05694007007EE /* Project object */ = {
			isa = PBXProject;
			attributes = {
				CLASSPREFIX = NGN;
				LastUpgradeCheck = 0830;
				ORGANIZATIONNAME = Alex;
				TargetAttributes = {
					EF81E7291EE05694007007EE = {
						CreatedOnToolsVersion = 8.3.2;
						DevelopmentTeam = 9M22BH66EU;
						ProvisioningStyle = Automatic;
					};
				};
			};
			buildConfigurationList = EF81E7251EE05694007007EE /* Build configuration list for PBXProject "TODOList" */;
			compatibilityVersion = "Xcode 6.3";
			developmentRegion = English;
			hasScannedForEncodings = 0;
			knownRegions = (
				en,
				Base,
			);
			mainGroup = EF81E7211EE05694007007EE;
			productRefGroup = EF81E72B1EE05694007007EE /* Products */;
			projectDirPath = "";
			projectRoot = "";
			targets = (
				EF81E7291EE05694007007EE /* TODOList */,
			);
		};
/* End PBXProject section */

/* Begin PBXResourcesBuildPhase section */
		EF81E7281EE05694007007EE /* Resources */ = {
			isa = PBXResourcesBuildPhase;
			buildActionMask = 2147483647;
			files = (
				EF81E7401EE05694007007EE /* LaunchScreen.storyboard in Resources */,
				EF81E73D1EE05694007007EE /* Assets.xcassets in Resources */,
				EF81E73B1EE05694007007EE /* Main.storyboard in Resources */,
			);
			runOnlyForDeploymentPostprocessing = 0;
		};
/* End PBXResourcesBuildPhase section */

/* Begin PBXSourcesBuildPhase section */
		EF81E7261EE05694007007EE /* Sources */ = {
			isa = PBXSourcesBuildPhase;
			buildActionMask = 2147483647;
			files = (
				EFCD46831EE058C300606FAB /* FirstViewController.m in Sources */,
				EFCD46821EE058C300606FAB /* AppDelegate.m in Sources */,
				EFCD46841EE058C300606FAB /* SecondViewController.m in Sources */,
				EF81E74E1EE05767007007EE /* NGNConstants.m in Sources */,
				EF81E72F1EE05694007007EE /* main.m in Sources */,
			);
			runOnlyForDeploymentPostprocessing = 0;
		};
/* End PBXSourcesBuildPhase section */

/* Begin PBXVariantGroup section */
		EF81E7391EE05694007007EE /* Main.storyboard */ = {
			isa = PBXVariantGroup;
			children = (
				EF81E73A1EE05694007007EE /* Base */,
			);
			name = Main.storyboard;
			sourceTree = "<group>";
		};
		EF81E73E1EE05694007007EE /* LaunchScreen.storyboard */ = {
			isa = PBXVariantGroup;
			children = (
				EF81E73F1EE05694007007EE /* Base */,
			);
			name = LaunchScreen.storyboard;
			sourceTree = "<group>";
		};
/* End PBXVariantGroup section */

/* Begin XCBuildConfiguration section */
		EF81E7421EE05694007007EE /* Debug */ = {
			isa = XCBuildConfiguration;
			buildSettings = {
				ALWAYS_SEARCH_USER_PATHS = NO;
				CLANG_ANALYZER_NONNULL = YES;
				CLANG_ANALYZER_NUMBER_OBJECT_CONVERSION = YES_AGGRESSIVE;
				CLANG_CXX_LANGUAGE_STANDARD = "gnu++0x";
				CLANG_CXX_LIBRARY = "libc++";
				CLANG_ENABLE_MODULES = YES;
				CLANG_ENABLE_OBJC_ARC = YES;
				CLANG_WARN_BOOL_CONVERSION = YES;
				CLANG_WARN_CONSTANT_CONVERSION = YES;
				CLANG_WARN_DIRECT_OBJC_ISA_USAGE = YES_ERROR;
				CLANG_WARN_DOCUMENTATION_COMMENTS = YES;
				CLANG_WARN_EMPTY_BODY = YES;
				CLANG_WARN_ENUM_CONVERSION = YES;
				CLANG_WARN_INFINITE_RECURSION = YES;
				CLANG_WARN_INT_CONVERSION = YES;
				CLANG_WARN_OBJC_ROOT_CLASS = YES_ERROR;
				CLANG_WARN_SUSPICIOUS_MOVE = YES;
				CLANG_WARN_UNREACHABLE_CODE = YES;
				CLANG_WARN__DUPLICATE_METHOD_MATCH = YES;
				"CODE_SIGN_IDENTITY[sdk=iphoneos*]" = "iPhone Developer";
				COPY_PHASE_STRIP = NO;
				DEBUG_INFORMATION_FORMAT = dwarf;
				ENABLE_STRICT_OBJC_MSGSEND = YES;
				ENABLE_TESTABILITY = YES;
				GCC_C_LANGUAGE_STANDARD = gnu99;
				GCC_DYNAMIC_NO_PIC = NO;
				GCC_NO_COMMON_BLOCKS = YES;
				GCC_OPTIMIZATION_LEVEL = 0;
				GCC_PREPROCESSOR_DEFINITIONS = (
					"DEBUG=1",
					"$(inherited)",
				);
				GCC_WARN_64_TO_32_BIT_CONVERSION = YES;
				GCC_WARN_ABOUT_RETURN_TYPE = YES_ERROR;
				GCC_WARN_UNDECLARED_SELECTOR = YES;
				GCC_WARN_UNINITIALIZED_AUTOS = YES_AGGRESSIVE;
				GCC_WARN_UNUSED_FUNCTION = YES;
				GCC_WARN_UNUSED_VARIABLE = YES;
				IPHONEOS_DEPLOYMENT_TARGET = 10.3;
				MTL_ENABLE_DEBUG_INFO = YES;
				ONLY_ACTIVE_ARCH = YES;
				SDKROOT = iphoneos;
			};
			name = Debug;
		};
		EF81E7431EE05694007007EE /* Release */ = {
			isa = XCBuildConfiguration;
			buildSettings = {
				ALWAYS_SEARCH_USER_PATHS = NO;
				CLANG_ANALYZER_NONNULL = YES;
				CLANG_ANALYZER_NUMBER_OBJECT_CONVERSION = YES_AGGRESSIVE;
				CLANG_CXX_LANGUAGE_STANDARD = "gnu++0x";
				CLANG_CXX_LIBRARY = "libc++";
				CLANG_ENABLE_MODULES = YES;
				CLANG_ENABLE_OBJC_ARC = YES;
				CLANG_WARN_BOOL_CONVERSION = YES;
				CLANG_WARN_CONSTANT_CONVERSION = YES;
				CLANG_WARN_DIRECT_OBJC_ISA_USAGE = YES_ERROR;
				CLANG_WARN_DOCUMENTATION_COMMENTS = YES;
				CLANG_WARN_EMPTY_BODY = YES;
				CLANG_WARN_ENUM_CONVERSION = YES;
				CLANG_WARN_INFINITE_RECURSION = YES;
				CLANG_WARN_INT_CONVERSION = YES;
				CLANG_WARN_OBJC_ROOT_CLASS = YES_ERROR;
				CLANG_WARN_SUSPICIOUS_MOVE = YES;
				CLANG_WARN_UNREACHABLE_CODE = YES;
				CLANG_WARN__DUPLICATE_METHOD_MATCH = YES;
				"CODE_SIGN_IDENTITY[sdk=iphoneos*]" = "iPhone Developer";
				COPY_PHASE_STRIP = NO;
				DEBUG_INFORMATION_FORMAT = "dwarf-with-dsym";
				ENABLE_NS_ASSERTIONS = NO;
				ENABLE_STRICT_OBJC_MSGSEND = YES;
				GCC_C_LANGUAGE_STANDARD = gnu99;
				GCC_NO_COMMON_BLOCKS = YES;
				GCC_WARN_64_TO_32_BIT_CONVERSION = YES;
				GCC_WARN_ABOUT_RETURN_TYPE = YES_ERROR;
				GCC_WARN_UNDECLARED_SELECTOR = YES;
				GCC_WARN_UNINITIALIZED_AUTOS = YES_AGGRESSIVE;
				GCC_WARN_UNUSED_FUNCTION = YES;
				GCC_WARN_UNUSED_VARIABLE = YES;
				IPHONEOS_DEPLOYMENT_TARGET = 10.3;
				MTL_ENABLE_DEBUG_INFO = NO;
				SDKROOT = iphoneos;
				VALIDATE_PRODUCT = YES;
			};
			name = Release;
		};
		EF81E7451EE05694007007EE /* Debug */ = {
			isa = XCBuildConfiguration;
			buildSettings = {
				ASSETCATALOG_COMPILER_APPICON_NAME = AppIcon;
				DEVELOPMENT_TEAM = 9M22BH66EU;
				INFOPLIST_FILE = TODOList/Info.plist;
				LD_RUNPATH_SEARCH_PATHS = "$(inherited) @executable_path/Frameworks";
				PRODUCT_BUNDLE_IDENTIFIER = com.noegon.TODOList;
				PRODUCT_NAME = "$(TARGET_NAME)";
			};
			name = Debug;
		};
		EF81E7461EE05694007007EE /* Release */ = {
			isa = XCBuildConfiguration;
			buildSettings = {
				ASSETCATALOG_COMPILER_APPICON_NAME = AppIcon;
				DEVELOPMENT_TEAM = 9M22BH66EU;
				INFOPLIST_FILE = TODOList/Info.plist;
				LD_RUNPATH_SEARCH_PATHS = "$(inherited) @executable_path/Frameworks";
				PRODUCT_BUNDLE_IDENTIFIER = com.noegon.TODOList;
				PRODUCT_NAME = "$(TARGET_NAME)";
			};
			name = Release;
		};
/* End XCBuildConfiguration section */

/* Begin XCConfigurationList section */
		EF81E7251EE05694007007EE /* Build configuration list for PBXProject "TODOList" */ = {
			isa = XCConfigurationList;
			buildConfigurations = (
				EF81E7421EE05694007007EE /* Debug */,
				EF81E7431EE05694007007EE /* Release */,
			);
			defaultConfigurationIsVisible = 0;
			defaultConfigurationName = Release;
		};
		EF81E7441EE05694007007EE /* Build configuration list for PBXNativeTarget "TODOList" */ = {
			isa = XCConfigurationList;
			buildConfigurations = (
				EF81E7451EE05694007007EE /* Debug */,
				EF81E7461EE05694007007EE /* Release */,
			);
			defaultConfigurationIsVisible = 0;
			defaultConfigurationName = Release;
		};
/* End XCConfigurationList section */
	};
	rootObject = EF81E7221EE05694007007EE /* Project object */;
}
