// !$*UTF8*$!
{
	archiveVersion = 1;
	classes = {
	};
	objectVersion = 47;
	objects = {

/* Begin PBXBuildFile section */
		EF6B90771EE8897C006A825B /* NGNTaskList.m in Sources */ = {isa = PBXBuildFile; fileRef = EF6B90761EE8897C006A825B /* NGNTaskList.m */; };
		EF6B907B1EE88E79006A825B /* NSDate+NGNDateToStringConverter.m in Sources */ = {isa = PBXBuildFile; fileRef = EF6B907A1EE88E79006A825B /* NSDate+NGNDateToStringConverter.m */; };
		EF81E72F1EE05694007007EE /* main.m in Sources */ = {isa = PBXBuildFile; fileRef = EF81E72E1EE05694007007EE /* main.m */; };
		EF81E73B1EE05694007007EE /* Main.storyboard in Resources */ = {isa = PBXBuildFile; fileRef = EF81E7391EE05694007007EE /* Main.storyboard */; };
		EF81E73D1EE05694007007EE /* Assets.xcassets in Resources */ = {isa = PBXBuildFile; fileRef = EF81E73C1EE05694007007EE /* Assets.xcassets */; };
		EF81E7401EE05694007007EE /* LaunchScreen.storyboard in Resources */ = {isa = PBXBuildFile; fileRef = EF81E73E1EE05694007007EE /* LaunchScreen.storyboard */; };
		EF81E74E1EE05767007007EE /* NGNConstants.m in Sources */ = {isa = PBXBuildFile; fileRef = EF81E74D1EE05767007007EE /* NGNConstants.m */; };
		EF8930A71EE8A6F2001E49AC /* NGNCommonEntityContainer.m in Sources */ = {isa = PBXBuildFile; fileRef = EF8930A61EE8A6F2001E49AC /* NGNCommonEntityContainer.m */; };
		EF8930AA1EE8ABB8001E49AC /* NGNStoredEntity.m in Sources */ = {isa = PBXBuildFile; fileRef = EF8930A91EE8ABB8001E49AC /* NGNStoredEntity.m */; };
		EF8930AE1EE94AC7001E49AC /* NGNDataSourceSingleton.m in Sources */ = {isa = PBXBuildFile; fileRef = EF8930AD1EE94AC7001E49AC /* NGNDataSourceSingleton.m */; };
		EF8930B11EED472E001E49AC /* NGNEditTaskViewController.m in Sources */ = {isa = PBXBuildFile; fileRef = EF8930B01EED472E001E49AC /* NGNEditTaskViewController.m */; };
		EF8930B41EED527B001E49AC /* NGNTaskDetailsViewController.m in Sources */ = {isa = PBXBuildFile; fileRef = EF8930B31EED527B001E49AC /* NGNTaskDetailsViewController.m */; };
		EF8930BD1EED955E001E49AC /* NGNPriorityViewController.m in Sources */ = {isa = PBXBuildFile; fileRef = EF8930BC1EED955E001E49AC /* NGNPriorityViewController.m */; };
		EF8930C01EEDEF52001E49AC /* NGNTaskListDetailsViewController.m in Sources */ = {isa = PBXBuildFile; fileRef = EF8930BF1EEDEF52001E49AC /* NGNTaskListDetailsViewController.m */; };
		EF8930C31EEEABC0001E49AC /* NGNAddProjectViewController.m in Sources */ = {isa = PBXBuildFile; fileRef = EF8930C21EEEABC0001E49AC /* NGNAddProjectViewController.m */; };
		EF97DDCB1EE4B4B50007EBDB /* NGNDatePickingViewController.m in Sources */ = {isa = PBXBuildFile; fileRef = EF97DDC91EE4B4B50007EBDB /* NGNDatePickingViewController.m */; };
		EF97DDCC1EE4B4B50007EBDB /* NGNDatePickingViewController.xib in Resources */ = {isa = PBXBuildFile; fileRef = EF97DDCA1EE4B4B50007EBDB /* NGNDatePickingViewController.xib */; };
		EFCD46821EE058C300606FAB /* AppDelegate.m in Sources */ = {isa = PBXBuildFile; fileRef = EFCD467D1EE058C300606FAB /* AppDelegate.m */; };
		EFCD46941EE0C2C800606FAB /* NGNTaskService.m in Sources */ = {isa = PBXBuildFile; fileRef = EFCD46931EE0C2C800606FAB /* NGNTaskService.m */; };
		EFCD46971EE0C37300606FAB /* NGNTask.m in Sources */ = {isa = PBXBuildFile; fileRef = EFCD46961EE0C37300606FAB /* NGNTask.m */; };
		EFCD46A01EE0C3CB00606FAB /* NGNInboxViewController.m in Sources */ = {isa = PBXBuildFile; fileRef = EFCD46991EE0C3CB00606FAB /* NGNInboxViewController.m */; };
		EFCD46A11EE0C3CB00606FAB /* NGNProjectsViewController.m in Sources */ = {isa = PBXBuildFile; fileRef = EFCD469B1EE0C3CB00606FAB /* NGNProjectsViewController.m */; };
		EFCD46A21EE0C3CB00606FAB /* NGNSearchViewController.m in Sources */ = {isa = PBXBuildFile; fileRef = EFCD469D1EE0C3CB00606FAB /* NGNSearchViewController.m */; };
		EFCD46A31EE0C3CB00606FAB /* NGNTodayTasksViewController.m in Sources */ = {isa = PBXBuildFile; fileRef = EFCD469F1EE0C3CB00606FAB /* NGNTodayTasksViewController.m */; };
/* End PBXBuildFile section */

/* Begin PBXFileReference section */
		EF6B90751EE8897C006A825B /* NGNTaskList.h */ = {isa = PBXFileReference; fileEncoding = 4; lastKnownFileType = sourcecode.c.h; name = NGNTaskList.h; path = Model/NGNTaskList.h; sourceTree = "<group>"; };
		EF6B90761EE8897C006A825B /* NGNTaskList.m */ = {isa = PBXFileReference; fileEncoding = 4; lastKnownFileType = sourcecode.c.objc; name = NGNTaskList.m; path = Model/NGNTaskList.m; sourceTree = "<group>"; };
		EF6B90791EE88E79006A825B /* NSDate+NGNDateToStringConverter.h */ = {isa = PBXFileReference; fileEncoding = 4; lastKnownFileType = sourcecode.c.h; name = "NSDate+NGNDateToStringConverter.h"; path = "ExistingClassesExtensions/NSDate+NGNDateToStringConverter.h"; sourceTree = "<group>"; };
		EF6B907A1EE88E79006A825B /* NSDate+NGNDateToStringConverter.m */ = {isa = PBXFileReference; fileEncoding = 4; lastKnownFileType = sourcecode.c.objc; name = "NSDate+NGNDateToStringConverter.m"; path = "ExistingClassesExtensions/NSDate+NGNDateToStringConverter.m"; sourceTree = "<group>"; };
		EF81E72A1EE05694007007EE /* TODOList.app */ = {isa = PBXFileReference; explicitFileType = wrapper.application; includeInIndex = 0; path = TODOList.app; sourceTree = BUILT_PRODUCTS_DIR; };
		EF81E72E1EE05694007007EE /* main.m */ = {isa = PBXFileReference; lastKnownFileType = sourcecode.c.objc; path = main.m; sourceTree = "<group>"; };
		EF81E73A1EE05694007007EE /* Base */ = {isa = PBXFileReference; lastKnownFileType = file.storyboard; name = Base; path = Base.lproj/Main.storyboard; sourceTree = "<group>"; };
		EF81E73C1EE05694007007EE /* Assets.xcassets */ = {isa = PBXFileReference; lastKnownFileType = folder.assetcatalog; path = Assets.xcassets; sourceTree = "<group>"; };
		EF81E73F1EE05694007007EE /* Base */ = {isa = PBXFileReference; lastKnownFileType = file.storyboard; name = Base; path = Base.lproj/LaunchScreen.storyboard; sourceTree = "<group>"; };
		EF81E7411EE05694007007EE /* Info.plist */ = {isa = PBXFileReference; lastKnownFileType = text.plist.xml; path = Info.plist; sourceTree = "<group>"; };
		EF81E74C1EE05767007007EE /* NGNConstants.h */ = {isa = PBXFileReference; fileEncoding = 4; lastKnownFileType = sourcecode.c.h; name = NGNConstants.h; path = Constants/NGNConstants.h; sourceTree = "<group>"; };
		EF81E74D1EE05767007007EE /* NGNConstants.m */ = {isa = PBXFileReference; fileEncoding = 4; lastKnownFileType = sourcecode.c.objc; name = NGNConstants.m; path = Constants/NGNConstants.m; sourceTree = "<group>"; };
		EF8930A51EE8A6F2001E49AC /* NGNCommonEntityContainer.h */ = {isa = PBXFileReference; fileEncoding = 4; lastKnownFileType = sourcecode.c.h; name = NGNCommonEntityContainer.h; path = Model/NGNCommonEntityContainer.h; sourceTree = "<group>"; };
		EF8930A61EE8A6F2001E49AC /* NGNCommonEntityContainer.m */ = {isa = PBXFileReference; fileEncoding = 4; lastKnownFileType = sourcecode.c.objc; name = NGNCommonEntityContainer.m; path = Model/NGNCommonEntityContainer.m; sourceTree = "<group>"; };
		EF8930A81EE8ABB8001E49AC /* NGNStoredEntity.h */ = {isa = PBXFileReference; fileEncoding = 4; lastKnownFileType = sourcecode.c.h; name = NGNStoredEntity.h; path = Model/NGNStoredEntity.h; sourceTree = "<group>"; };
		EF8930A91EE8ABB8001E49AC /* NGNStoredEntity.m */ = {isa = PBXFileReference; fileEncoding = 4; lastKnownFileType = sourcecode.c.objc; name = NGNStoredEntity.m; path = Model/NGNStoredEntity.m; sourceTree = "<group>"; };
		EF8930AB1EE8BC63001E49AC /* NGNStoreable.h */ = {isa = PBXFileReference; fileEncoding = 4; lastKnownFileType = sourcecode.c.h; name = NGNStoreable.h; path = Model/NGNStoreable.h; sourceTree = "<group>"; };
		EF8930AC1EE94AC7001E49AC /* NGNDataSourceSingleton.h */ = {isa = PBXFileReference; fileEncoding = 4; lastKnownFileType = sourcecode.c.h; name = NGNDataSourceSingleton.h; path = Helpers/NGNDataSourceSingleton.h; sourceTree = "<group>"; };
		EF8930AD1EE94AC7001E49AC /* NGNDataSourceSingleton.m */ = {isa = PBXFileReference; fileEncoding = 4; lastKnownFileType = sourcecode.c.objc; name = NGNDataSourceSingleton.m; path = Helpers/NGNDataSourceSingleton.m; sourceTree = "<group>"; };
		EF8930AF1EED472E001E49AC /* NGNEditTaskViewController.h */ = {isa = PBXFileReference; fileEncoding = 4; lastKnownFileType = sourcecode.c.h; name = NGNEditTaskViewController.h; path = Controller/NGNEditTaskViewController.h; sourceTree = "<group>"; };
		EF8930B01EED472E001E49AC /* NGNEditTaskViewController.m */ = {isa = PBXFileReference; fileEncoding = 4; lastKnownFileType = sourcecode.c.objc; name = NGNEditTaskViewController.m; path = Controller/NGNEditTaskViewController.m; sourceTree = "<group>"; };
		EF8930B21EED527B001E49AC /* NGNTaskDetailsViewController.h */ = {isa = PBXFileReference; fileEncoding = 4; lastKnownFileType = sourcecode.c.h; name = NGNTaskDetailsViewController.h; path = Controller/NGNTaskDetailsViewController.h; sourceTree = "<group>"; };
		EF8930B31EED527B001E49AC /* NGNTaskDetailsViewController.m */ = {isa = PBXFileReference; fileEncoding = 4; lastKnownFileType = sourcecode.c.objc; name = NGNTaskDetailsViewController.m; path = Controller/NGNTaskDetailsViewController.m; sourceTree = "<group>"; };
		EF8930BB1EED955E001E49AC /* NGNPriorityViewController.h */ = {isa = PBXFileReference; fileEncoding = 4; lastKnownFileType = sourcecode.c.h; name = NGNPriorityViewController.h; path = Controller/NGNPriorityViewController.h; sourceTree = "<group>"; };
		EF8930BC1EED955E001E49AC /* NGNPriorityViewController.m */ = {isa = PBXFileReference; fileEncoding = 4; lastKnownFileType = sourcecode.c.objc; name = NGNPriorityViewController.m; path = Controller/NGNPriorityViewController.m; sourceTree = "<group>"; };
		EF8930BE1EEDEF52001E49AC /* NGNTaskListDetailsViewController.h */ = {isa = PBXFileReference; fileEncoding = 4; lastKnownFileType = sourcecode.c.h; name = NGNTaskListDetailsViewController.h; path = Controller/NGNTaskListDetailsViewController.h; sourceTree = "<group>"; };
		EF8930BF1EEDEF52001E49AC /* NGNTaskListDetailsViewController.m */ = {isa = PBXFileReference; fileEncoding = 4; lastKnownFileType = sourcecode.c.objc; name = NGNTaskListDetailsViewController.m; path = Controller/NGNTaskListDetailsViewController.m; sourceTree = "<group>"; };
		EF8930C11EEEABC0001E49AC /* NGNAddProjectViewController.h */ = {isa = PBXFileReference; fileEncoding = 4; lastKnownFileType = sourcecode.c.h; name = NGNAddProjectViewController.h; path = Controller/NGNAddProjectViewController.h; sourceTree = "<group>"; };
		EF8930C21EEEABC0001E49AC /* NGNAddProjectViewController.m */ = {isa = PBXFileReference; fileEncoding = 4; lastKnownFileType = sourcecode.c.objc; name = NGNAddProjectViewController.m; path = Controller/NGNAddProjectViewController.m; sourceTree = "<group>"; };
		EF97DDC81EE4B4B50007EBDB /* NGNDatePickingViewController.h */ = {isa = PBXFileReference; fileEncoding = 4; lastKnownFileType = sourcecode.c.h; name = NGNDatePickingViewController.h; path = Controller/AdditionalControllers/NGNDatePickingViewController.h; sourceTree = "<group>"; };
		EF97DDC91EE4B4B50007EBDB /* NGNDatePickingViewController.m */ = {isa = PBXFileReference; fileEncoding = 4; lastKnownFileType = sourcecode.c.objc; name = NGNDatePickingViewController.m; path = Controller/AdditionalControllers/NGNDatePickingViewController.m; sourceTree = "<group>"; };
		EF97DDCA1EE4B4B50007EBDB /* NGNDatePickingViewController.xib */ = {isa = PBXFileReference; fileEncoding = 4; lastKnownFileType = file.xib; name = NGNDatePickingViewController.xib; path = Controller/AdditionalControllers/NGNDatePickingViewController.xib; sourceTree = "<group>"; };
		EFCD467C1EE058C300606FAB /* AppDelegate.h */ = {isa = PBXFileReference; fileEncoding = 4; lastKnownFileType = sourcecode.c.h; name = AppDelegate.h; path = Controller/AppDelegate.h; sourceTree = "<group>"; };
		EFCD467D1EE058C300606FAB /* AppDelegate.m */ = {isa = PBXFileReference; fileEncoding = 4; lastKnownFileType = sourcecode.c.objc; name = AppDelegate.m; path = Controller/AppDelegate.m; sourceTree = "<group>"; };
		EFCD46921EE0C2C800606FAB /* NGNTaskService.h */ = {isa = PBXFileReference; fileEncoding = 4; lastKnownFileType = sourcecode.c.h; name = NGNTaskService.h; path = Model/Services/NGNTaskService.h; sourceTree = "<group>"; };
		EFCD46931EE0C2C800606FAB /* NGNTaskService.m */ = {isa = PBXFileReference; fileEncoding = 4; lastKnownFileType = sourcecode.c.objc; name = NGNTaskService.m; path = Model/Services/NGNTaskService.m; sourceTree = "<group>"; };
		EFCD46951EE0C37300606FAB /* NGNTask.h */ = {isa = PBXFileReference; fileEncoding = 4; lastKnownFileType = sourcecode.c.h; name = NGNTask.h; path = Model/NGNTask.h; sourceTree = "<group>"; };
		EFCD46961EE0C37300606FAB /* NGNTask.m */ = {isa = PBXFileReference; fileEncoding = 4; lastKnownFileType = sourcecode.c.objc; name = NGNTask.m; path = Model/NGNTask.m; sourceTree = "<group>"; };
		EFCD46981EE0C3CB00606FAB /* NGNInboxViewController.h */ = {isa = PBXFileReference; fileEncoding = 4; lastKnownFileType = sourcecode.c.h; name = NGNInboxViewController.h; path = Controller/NGNInboxViewController.h; sourceTree = "<group>"; };
		EFCD46991EE0C3CB00606FAB /* NGNInboxViewController.m */ = {isa = PBXFileReference; fileEncoding = 4; lastKnownFileType = sourcecode.c.objc; name = NGNInboxViewController.m; path = Controller/NGNInboxViewController.m; sourceTree = "<group>"; };
		EFCD469A1EE0C3CB00606FAB /* NGNProjectsViewController.h */ = {isa = PBXFileReference; fileEncoding = 4; lastKnownFileType = sourcecode.c.h; name = NGNProjectsViewController.h; path = Controller/NGNProjectsViewController.h; sourceTree = "<group>"; };
		EFCD469B1EE0C3CB00606FAB /* NGNProjectsViewController.m */ = {isa = PBXFileReference; fileEncoding = 4; lastKnownFileType = sourcecode.c.objc; name = NGNProjectsViewController.m; path = Controller/NGNProjectsViewController.m; sourceTree = "<group>"; };
		EFCD469C1EE0C3CB00606FAB /* NGNSearchViewController.h */ = {isa = PBXFileReference; fileEncoding = 4; lastKnownFileType = sourcecode.c.h; name = NGNSearchViewController.h; path = Controller/NGNSearchViewController.h; sourceTree = "<group>"; };
		EFCD469D1EE0C3CB00606FAB /* NGNSearchViewController.m */ = {isa = PBXFileReference; fileEncoding = 4; lastKnownFileType = sourcecode.c.objc; name = NGNSearchViewController.m; path = Controller/NGNSearchViewController.m; sourceTree = "<group>"; };
		EFCD469E1EE0C3CB00606FAB /* NGNTodayTasksViewController.h */ = {isa = PBXFileReference; fileEncoding = 4; lastKnownFileType = sourcecode.c.h; name = NGNTodayTasksViewController.h; path = Controller/NGNTodayTasksViewController.h; sourceTree = "<group>"; };
		EFCD469F1EE0C3CB00606FAB /* NGNTodayTasksViewController.m */ = {isa = PBXFileReference; fileEncoding = 4; lastKnownFileType = sourcecode.c.objc; name = NGNTodayTasksViewController.m; path = Controller/NGNTodayTasksViewController.m; sourceTree = "<group>"; };
/* End PBXFileReference section */

/* Begin PBXFrameworksBuildPhase section */
		EF81E7271EE05694007007EE /* Frameworks */ = {
			isa = PBXFrameworksBuildPhase;
			buildActionMask = 2147483647;
			files = (
			);
			runOnlyForDeploymentPostprocessing = 0;
		};
/* End PBXFrameworksBuildPhase section */

/* Begin PBXGroup section */
		EF6B90781EE88DF1006A825B /* ExistingClassesExtensions */ = {
			isa = PBXGroup;
			children = (
				EF6B90791EE88E79006A825B /* NSDate+NGNDateToStringConverter.h */,
				EF6B907A1EE88E79006A825B /* NSDate+NGNDateToStringConverter.m */,
			);
			name = ExistingClassesExtensions;
			sourceTree = "<group>";
		};
		EF81E7211EE05694007007EE = {
			isa = PBXGroup;
			children = (
				EF81E72C1EE05694007007EE /* TODOList */,
				EF81E72B1EE05694007007EE /* Products */,
			);
			sourceTree = "<group>";
		};
		EF81E72B1EE05694007007EE /* Products */ = {
			isa = PBXGroup;
			children = (
				EF81E72A1EE05694007007EE /* TODOList.app */,
			);
			name = Products;
			sourceTree = "<group>";
		};
		EF81E72C1EE05694007007EE /* TODOList */ = {
			isa = PBXGroup;
			children = (
				EF6B90781EE88DF1006A825B /* ExistingClassesExtensions */,
				EF81E74B1EE05728007007EE /* Constants */,
				EF81E74A1EE0571A007007EE /* Helpers */,
				EF81E7491EE05704007007EE /* View */,
				EF81E7481EE056E3007007EE /* Controller */,
				EF81E7471EE056D3007007EE /* Model */,
				EF81E72D1EE05694007007EE /* Supporting Files */,
			);
			path = TODOList;
			sourceTree = "<group>";
		};
		EF81E72D1EE05694007007EE /* Supporting Files */ = {
			isa = PBXGroup;
			children = (
				EF81E7391EE05694007007EE /* Main.storyboard */,
				EF81E73C1EE05694007007EE /* Assets.xcassets */,
				EF81E73E1EE05694007007EE /* LaunchScreen.storyboard */,
				EF81E7411EE05694007007EE /* Info.plist */,
				EF81E72E1EE05694007007EE /* main.m */,
			);
			name = "Supporting Files";
			sourceTree = "<group>";
		};
		EF81E7471EE056D3007007EE /* Model */ = {
			isa = PBXGroup;
			children = (
				EFCD46951EE0C37300606FAB /* NGNTask.h */,
				EFCD46961EE0C37300606FAB /* NGNTask.m */,
				EF6B90751EE8897C006A825B /* NGNTaskList.h */,
				EF6B90761EE8897C006A825B /* NGNTaskList.m */,
				EF8930A81EE8ABB8001E49AC /* NGNStoredEntity.h */,
				EF8930A91EE8ABB8001E49AC /* NGNStoredEntity.m */,
				EF8930A51EE8A6F2001E49AC /* NGNCommonEntityContainer.h */,
				EF8930A61EE8A6F2001E49AC /* NGNCommonEntityContainer.m */,
				EF8930AB1EE8BC63001E49AC /* NGNStoreable.h */,
				EFCD46911EE0C25D00606FAB /* Services */,
			);
			name = Model;
			sourceTree = "<group>";
		};
		EF81E7481EE056E3007007EE /* Controller */ = {
			isa = PBXGroup;
			children = (
				EFCD46A41EE0C66E00606FAB /* AdditionalControllers */,
				EFCD467C1EE058C300606FAB /* AppDelegate.h */,
				EFCD467D1EE058C300606FAB /* AppDelegate.m */,
				EFCD46981EE0C3CB00606FAB /* NGNInboxViewController.h */,
				EFCD46991EE0C3CB00606FAB /* NGNInboxViewController.m */,
				EFCD469A1EE0C3CB00606FAB /* NGNProjectsViewController.h */,
				EFCD469B1EE0C3CB00606FAB /* NGNProjectsViewController.m */,
				EFCD469C1EE0C3CB00606FAB /* NGNSearchViewController.h */,
				EFCD469D1EE0C3CB00606FAB /* NGNSearchViewController.m */,
				EFCD469E1EE0C3CB00606FAB /* NGNTodayTasksViewController.h */,
				EFCD469F1EE0C3CB00606FAB /* NGNTodayTasksViewController.m */,
				EF8930AF1EED472E001E49AC /* NGNEditTaskViewController.h */,
				EF8930B01EED472E001E49AC /* NGNEditTaskViewController.m */,
				EF8930B21EED527B001E49AC /* NGNTaskDetailsViewController.h */,
				EF8930B31EED527B001E49AC /* NGNTaskDetailsViewController.m */,
				EF8930BB1EED955E001E49AC /* NGNPriorityViewController.h */,
				EF8930BC1EED955E001E49AC /* NGNPriorityViewController.m */,
				EF8930BE1EEDEF52001E49AC /* NGNTaskListDetailsViewController.h */,
				EF8930BF1EEDEF52001E49AC /* NGNTaskListDetailsViewController.m */,
				EF8930C11EEEABC0001E49AC /* NGNAddProjectViewController.h */,
				EF8930C21EEEABC0001E49AC /* NGNAddProjectViewController.m */,
			);
			name = Controller;
			sourceTree = "<group>";
		};
		EF81E7491EE05704007007EE /* View */ = {
			isa = PBXGroup;
			children = (
			);
			name = View;
			sourceTree = "<group>";
		};
		EF81E74A1EE0571A007007EE /* Helpers */ = {
			isa = PBXGroup;
			children = (
				EF8930AC1EE94AC7001E49AC /* NGNDataSourceSingleton.h */,
				EF8930AD1EE94AC7001E49AC /* NGNDataSourceSingleton.m */,
			);
			name = Helpers;
			sourceTree = "<group>";
		};
		EF81E74B1EE05728007007EE /* Constants */ = {
			isa = PBXGroup;
			children = (
				EF81E74C1EE05767007007EE /* NGNConstants.h */,
				EF81E74D1EE05767007007EE /* NGNConstants.m */,
			);
			name = Constants;
			sourceTree = "<group>";
		};
		EFCD46911EE0C25D00606FAB /* Services */ = {
			isa = PBXGroup;
			children = (
				EFCD46921EE0C2C800606FAB /* NGNTaskService.h */,
				EFCD46931EE0C2C800606FAB /* NGNTaskService.m */,
			);
			name = Services;
			sourceTree = "<group>";
		};
		EFCD46A41EE0C66E00606FAB /* AdditionalControllers */ = {
			isa = PBXGroup;
			children = (
				EF97DDC81EE4B4B50007EBDB /* NGNDatePickingViewController.h */,
				EF97DDC91EE4B4B50007EBDB /* NGNDatePickingViewController.m */,
				EF97DDCA1EE4B4B50007EBDB /* NGNDatePickingViewController.xib */,
			);
			name = AdditionalControllers;
			sourceTree = "<group>";
		};
/* End PBXGroup section */

/* Begin PBXNativeTarget section */
		EF81E7291EE05694007007EE /* TODOList */ = {
			isa = PBXNativeTarget;
			buildConfigurationList = EF81E7441EE05694007007EE /* Build configuration list for PBXNativeTarget "TODOList" */;
			buildPhases = (
				EF81E7261EE05694007007EE /* Sources */,
				EF81E7271EE05694007007EE /* Frameworks */,
				EF81E7281EE05694007007EE /* Resources */,
			);
			buildRules = (
			);
			dependencies = (
			);
			name = TODOList;
			productName = TODOList;
			productReference = EF81E72A1EE05694007007EE /* TODOList.app */;
			productType = "com.apple.product-type.application";
		};
/* End PBXNativeTarget section */

/* Begin PBXProject section */
		EF81E7221EE05694007007EE /* Project object */ = {
			isa = PBXProject;
			attributes = {
				CLASSPREFIX = NGN;
				LastUpgradeCheck = 0830;
				ORGANIZATIONNAME = Alex;
				TargetAttributes = {
					EF81E7291EE05694007007EE = {
						CreatedOnToolsVersion = 8.3.2;
						DevelopmentTeam = 9M22BH66EU;
						ProvisioningStyle = Automatic;
					};
				};
			};
			buildConfigurationList = EF81E7251EE05694007007EE /* Build configuration list for PBXProject "TODOList" */;
			compatibilityVersion = "Xcode 6.3";
			developmentRegion = English;
			hasScannedForEncodings = 0;
			knownRegions = (
				en,
				Base,
			);
			mainGroup = EF81E7211EE05694007007EE;
			productRefGroup = EF81E72B1EE05694007007EE /* Products */;
			projectDirPath = "";
			projectRoot = "";
			targets = (
				EF81E7291EE05694007007EE /* TODOList */,
			);
		};
/* End PBXProject section */

/* Begin PBXResourcesBuildPhase section */
		EF81E7281EE05694007007EE /* Resources */ = {
			isa = PBXResourcesBuildPhase;
			buildActionMask = 2147483647;
			files = (
				EF81E7401EE05694007007EE /* LaunchScreen.storyboard in Resources */,
				EF81E73D1EE05694007007EE /* Assets.xcassets in Resources */,
				EF97DDCC1EE4B4B50007EBDB /* NGNDatePickingViewController.xib in Resources */,
				EF81E73B1EE05694007007EE /* Main.storyboard in Resources */,
			);
			runOnlyForDeploymentPostprocessing = 0;
		};
/* End PBXResourcesBuildPhase section */

/* Begin PBXSourcesBuildPhase section */
		EF81E7261EE05694007007EE /* Sources */ = {
			isa = PBXSourcesBuildPhase;
			buildActionMask = 2147483647;
			files = (
				EF8930B41EED527B001E49AC /* NGNTaskDetailsViewController.m in Sources */,
				EF8930C01EEDEF52001E49AC /* NGNTaskListDetailsViewController.m in Sources */,
				EF6B907B1EE88E79006A825B /* NSDate+NGNDateToStringConverter.m in Sources */,
				EFCD46A31EE0C3CB00606FAB /* NGNTodayTasksViewController.m in Sources */,
				EFCD46821EE058C300606FAB /* AppDelegate.m in Sources */,
				EFCD46A01EE0C3CB00606FAB /* NGNInboxViewController.m in Sources */,
				EFCD46941EE0C2C800606FAB /* NGNTaskService.m in Sources */,
				EFCD46971EE0C37300606FAB /* NGNTask.m in Sources */,
				EF8930B11EED472E001E49AC /* NGNEditTaskViewController.m in Sources */,
				EF8930C31EEEABC0001E49AC /* NGNAddProjectViewController.m in Sources */,
				EF97DDCB1EE4B4B50007EBDB /* NGNDatePickingViewController.m in Sources */,
				EFCD46A21EE0C3CB00606FAB /* NGNSearchViewController.m in Sources */,
				EF8930BD1EED955E001E49AC /* NGNPriorityViewController.m in Sources */,
				EF8930AE1EE94AC7001E49AC /* NGNDataSourceSingleton.m in Sources */,
				EF81E74E1EE05767007007EE /* NGNConstants.m in Sources */,
				EF8930A71EE8A6F2001E49AC /* NGNCommonEntityContainer.m in Sources */,
				EF6B90771EE8897C006A825B /* NGNTaskList.m in Sources */,
				EFCD46A11EE0C3CB00606FAB /* NGNProjectsViewController.m in Sources */,
				EF8930AA1EE8ABB8001E49AC /* NGNStoredEntity.m in Sources */,
				EF81E72F1EE05694007007EE /* main.m in Sources */,
			);
			runOnlyForDeploymentPostprocessing = 0;
		};
/* End PBXSourcesBuildPhase section */

/* Begin PBXVariantGroup section */
		EF81E7391EE05694007007EE /* Main.storyboard */ = {
			isa = PBXVariantGroup;
			children = (
				EF81E73A1EE05694007007EE /* Base */,
			);
			name = Main.storyboard;
			sourceTree = "<group>";
		};
		EF81E73E1EE05694007007EE /* LaunchScreen.storyboard */ = {
			isa = PBXVariantGroup;
			children = (
				EF81E73F1EE05694007007EE /* Base */,
			);
			name = LaunchScreen.storyboard;
			sourceTree = "<group>";
		};
/* End PBXVariantGroup section */

/* Begin XCBuildConfiguration section */
		EF81E7421EE05694007007EE /* Debug */ = {
			isa = XCBuildConfiguration;
			buildSettings = {
				ALWAYS_SEARCH_USER_PATHS = NO;
				CLANG_ANALYZER_NONNULL = YES;
				CLANG_ANALYZER_NUMBER_OBJECT_CONVERSION = YES_AGGRESSIVE;
				CLANG_CXX_LANGUAGE_STANDARD = "gnu++0x";
				CLANG_CXX_LIBRARY = "libc++";
				CLANG_ENABLE_MODULES = YES;
				CLANG_ENABLE_OBJC_ARC = YES;
				CLANG_WARN_BOOL_CONVERSION = YES;
				CLANG_WARN_CONSTANT_CONVERSION = YES;
				CLANG_WARN_DIRECT_OBJC_ISA_USAGE = YES_ERROR;
				CLANG_WARN_DOCUMENTATION_COMMENTS = YES;
				CLANG_WARN_EMPTY_BODY = YES;
				CLANG_WARN_ENUM_CONVERSION = YES;
				CLANG_WARN_INFINITE_RECURSION = YES;
				CLANG_WARN_INT_CONVERSION = YES;
				CLANG_WARN_OBJC_ROOT_CLASS = YES_ERROR;
				CLANG_WARN_SUSPICIOUS_MOVE = YES;
				CLANG_WARN_UNREACHABLE_CODE = YES;
				CLANG_WARN__DUPLICATE_METHOD_MATCH = YES;
				"CODE_SIGN_IDENTITY[sdk=iphoneos*]" = "iPhone Developer";
				COPY_PHASE_STRIP = NO;
				DEBUG_INFORMATION_FORMAT = dwarf;
				ENABLE_STRICT_OBJC_MSGSEND = YES;
				ENABLE_TESTABILITY = YES;
				GCC_C_LANGUAGE_STANDARD = gnu99;
				GCC_DYNAMIC_NO_PIC = NO;
				GCC_NO_COMMON_BLOCKS = YES;
				GCC_OPTIMIZATION_LEVEL = 0;
				GCC_PREPROCESSOR_DEFINITIONS = (
					"DEBUG=1",
					"$(inherited)",
				);
				GCC_WARN_64_TO_32_BIT_CONVERSION = YES;
				GCC_WARN_ABOUT_RETURN_TYPE = YES_ERROR;
				GCC_WARN_UNDECLARED_SELECTOR = YES;
				GCC_WARN_UNINITIALIZED_AUTOS = YES_AGGRESSIVE;
				GCC_WARN_UNUSED_FUNCTION = YES;
				GCC_WARN_UNUSED_VARIABLE = YES;
				IPHONEOS_DEPLOYMENT_TARGET = 10.3;
				MTL_ENABLE_DEBUG_INFO = YES;
				ONLY_ACTIVE_ARCH = YES;
				SDKROOT = iphoneos;
			};
			name = Debug;
		};
		EF81E7431EE05694007007EE /* Release */ = {
			isa = XCBuildConfiguration;
			buildSettings = {
				ALWAYS_SEARCH_USER_PATHS = NO;
				CLANG_ANALYZER_NONNULL = YES;
				CLANG_ANALYZER_NUMBER_OBJECT_CONVERSION = YES_AGGRESSIVE;
				CLANG_CXX_LANGUAGE_STANDARD = "gnu++0x";
				CLANG_CXX_LIBRARY = "libc++";
				CLANG_ENABLE_MODULES = YES;
				CLANG_ENABLE_OBJC_ARC = YES;
				CLANG_WARN_BOOL_CONVERSION = YES;
				CLANG_WARN_CONSTANT_CONVERSION = YES;
				CLANG_WARN_DIRECT_OBJC_ISA_USAGE = YES_ERROR;
				CLANG_WARN_DOCUMENTATION_COMMENTS = YES;
				CLANG_WARN_EMPTY_BODY = YES;
				CLANG_WARN_ENUM_CONVERSION = YES;
				CLANG_WARN_INFINITE_RECURSION = YES;
				CLANG_WARN_INT_CONVERSION = YES;
				CLANG_WARN_OBJC_ROOT_CLASS = YES_ERROR;
				CLANG_WARN_SUSPICIOUS_MOVE = YES;
				CLANG_WARN_UNREACHABLE_CODE = YES;
				CLANG_WARN__DUPLICATE_METHOD_MATCH = YES;
				"CODE_SIGN_IDENTITY[sdk=iphoneos*]" = "iPhone Developer";
				COPY_PHASE_STRIP = NO;
				DEBUG_INFORMATION_FORMAT = "dwarf-with-dsym";
				ENABLE_NS_ASSERTIONS = NO;
				ENABLE_STRICT_OBJC_MSGSEND = YES;
				GCC_C_LANGUAGE_STANDARD = gnu99;
				GCC_NO_COMMON_BLOCKS = YES;
				GCC_WARN_64_TO_32_BIT_CONVERSION = YES;
				GCC_WARN_ABOUT_RETURN_TYPE = YES_ERROR;
				GCC_WARN_UNDECLARED_SELECTOR = YES;
				GCC_WARN_UNINITIALIZED_AUTOS = YES_AGGRESSIVE;
				GCC_WARN_UNUSED_FUNCTION = YES;
				GCC_WARN_UNUSED_VARIABLE = YES;
				IPHONEOS_DEPLOYMENT_TARGET = 10.3;
				MTL_ENABLE_DEBUG_INFO = NO;
				SDKROOT = iphoneos;
				VALIDATE_PRODUCT = YES;
			};
			name = Release;
		};
		EF81E7451EE05694007007EE /* Debug */ = {
			isa = XCBuildConfiguration;
			buildSettings = {
				ASSETCATALOG_COMPILER_APPICON_NAME = AppIcon;
				DEVELOPMENT_TEAM = 9M22BH66EU;
				INFOPLIST_FILE = TODOList/Info.plist;
				LD_RUNPATH_SEARCH_PATHS = "$(inherited) @executable_path/Frameworks";
				PRODUCT_BUNDLE_IDENTIFIER = com.noegon.TODOList;
				PRODUCT_NAME = "$(TARGET_NAME)";
			};
			name = Debug;
		};
		EF81E7461EE05694007007EE /* Release */ = {
			isa = XCBuildConfiguration;
			buildSettings = {
				ASSETCATALOG_COMPILER_APPICON_NAME = AppIcon;
				DEVELOPMENT_TEAM = 9M22BH66EU;
				INFOPLIST_FILE = TODOList/Info.plist;
				LD_RUNPATH_SEARCH_PATHS = "$(inherited) @executable_path/Frameworks";
				PRODUCT_BUNDLE_IDENTIFIER = com.noegon.TODOList;
				PRODUCT_NAME = "$(TARGET_NAME)";
			};
			name = Release;
		};
/* End XCBuildConfiguration section */

/* Begin XCConfigurationList section */
		EF81E7251EE05694007007EE /* Build configuration list for PBXProject "TODOList" */ = {
			isa = XCConfigurationList;
			buildConfigurations = (
				EF81E7421EE05694007007EE /* Debug */,
				EF81E7431EE05694007007EE /* Release */,
			);
			defaultConfigurationIsVisible = 0;
			defaultConfigurationName = Release;
		};
		EF81E7441EE05694007007EE /* Build configuration list for PBXNativeTarget "TODOList" */ = {
			isa = XCConfigurationList;
			buildConfigurations = (
				EF81E7451EE05694007007EE /* Debug */,
				EF81E7461EE05694007007EE /* Release */,
			);
			defaultConfigurationIsVisible = 0;
			defaultConfigurationName = Release;
		};
/* End XCConfigurationList section */
	};
	rootObject = EF81E7221EE05694007007EE /* Project object */;
}
